// !$*UTF8*$!
{
	archiveVersion = 1;
	classes = {
	};
	objectVersion = 51;
	objects = {

/* Begin PBXBuildFile section */
		82916AF922639A8C009D26D9 /* AppDelegate.swift in Sources */ = {isa = PBXBuildFile; fileRef = 82916AF822639A8C009D26D9 /* AppDelegate.swift */; };
		82916B0022639A92009D26D9 /* Assets.xcassets in Resources */ = {isa = PBXBuildFile; fileRef = 82916AFF22639A92009D26D9 /* Assets.xcassets */; };
		82916B0322639A92009D26D9 /* LaunchScreen.storyboard in Resources */ = {isa = PBXBuildFile; fileRef = 82916B0122639A92009D26D9 /* LaunchScreen.storyboard */; };
		82945DC62263DFAF000889C1 /* HomeViewModel.swift in Sources */ = {isa = PBXBuildFile; fileRef = 82945DC52263DFAF000889C1 /* HomeViewModel.swift */; };
		82945DC92263E1E9000889C1 /* ErrorManager.swift in Sources */ = {isa = PBXBuildFile; fileRef = 82945DC82263E1E9000889C1 /* ErrorManager.swift */; };
		82945DCB2263E2F3000889C1 /* HomeViewModelTests.swift in Sources */ = {isa = PBXBuildFile; fileRef = 82945DCA2263E2F3000889C1 /* HomeViewModelTests.swift */; };
		82945DCD2263E3B5000889C1 /* HomeServiceMockSuccess.swift in Sources */ = {isa = PBXBuildFile; fileRef = 82945DCC2263E3B5000889C1 /* HomeServiceMockSuccess.swift */; };
		82945DCF2263ED2C000889C1 /* HomeServiceMockError.swift in Sources */ = {isa = PBXBuildFile; fileRef = 82945DCE2263ED2C000889C1 /* HomeServiceMockError.swift */; };
		8296CF0D2263B06B0067C0FE /* HomeModel.swift in Sources */ = {isa = PBXBuildFile; fileRef = 8296CF0C2263B06B0067C0FE /* HomeModel.swift */; };
		829B87B52263B89A004F12F5 /* HomeModelTests.swift in Sources */ = {isa = PBXBuildFile; fileRef = 829B87B42263B89A004F12F5 /* HomeModelTests.swift */; };
		829B87B92263B90F004F12F5 /* github.json in Resources */ = {isa = PBXBuildFile; fileRef = 829B87B82263B90F004F12F5 /* github.json */; };
		829B87BB2263B9C0004F12F5 /* HomeMockSuccess.swift in Sources */ = {isa = PBXBuildFile; fileRef = 829B87BA2263B9C0004F12F5 /* HomeMockSuccess.swift */; };
		829B87BF2263BA41004F12F5 /* Data+Extensions.swift in Sources */ = {isa = PBXBuildFile; fileRef = 829B87BE2263BA41004F12F5 /* Data+Extensions.swift */; };
		82D9ADA12263D09100AA22E3 /* HomeAPI.swift in Sources */ = {isa = PBXBuildFile; fileRef = 82D9ADA02263D09100AA22E3 /* HomeAPI.swift */; };
		82D9ADA32263D4E000AA22E3 /* HomeService.swift in Sources */ = {isa = PBXBuildFile; fileRef = 82D9ADA22263D4E000AA22E3 /* HomeService.swift */; };
		82E083762263F6D8007E5E9C /* HomeViewController.swift in Sources */ = {isa = PBXBuildFile; fileRef = 82E083752263F6D8007E5E9C /* HomeViewController.swift */; };
		82E083782263F7C6007E5E9C /* HomeViewController.xib in Resources */ = {isa = PBXBuildFile; fileRef = 82E083772263F7C6007E5E9C /* HomeViewController.xib */; };
		82E0837A2263FF7B007E5E9C /* HomeView+Extensions.swift in Sources */ = {isa = PBXBuildFile; fileRef = 82E083792263FF7B007E5E9C /* HomeView+Extensions.swift */; };
		82E0837D22640290007E5E9C /* ColumnFlowLayout.swift in Sources */ = {isa = PBXBuildFile; fileRef = 82E0837C22640290007E5E9C /* ColumnFlowLayout.swift */; };
		82E0837F226406BD007E5E9C /* UICollectionView+Extensions.swift in Sources */ = {isa = PBXBuildFile; fileRef = 82E0837E226406BD007E5E9C /* UICollectionView+Extensions.swift */; };
		82E08381226406F3007E5E9C /* UIView+Extensions.swift in Sources */ = {isa = PBXBuildFile; fileRef = 82E08380226406F3007E5E9C /* UIView+Extensions.swift */; };
		82E0838322640743007E5E9C /* ShadowView.swift in Sources */ = {isa = PBXBuildFile; fileRef = 82E0838222640743007E5E9C /* ShadowView.swift */; };
		82E083862264080F007E5E9C /* HomeCollectionViewCell.swift in Sources */ = {isa = PBXBuildFile; fileRef = 82E083852264080F007E5E9C /* HomeCollectionViewCell.swift */; };
		82E0838822640909007E5E9C /* UIFont+Extensions.swift in Sources */ = {isa = PBXBuildFile; fileRef = 82E0838722640909007E5E9C /* UIFont+Extensions.swift */; };
		82E0838A226409AE007E5E9C /* HomeCollectionViewCell.xib in Resources */ = {isa = PBXBuildFile; fileRef = 82E08389226409AE007E5E9C /* HomeCollectionViewCell.xib */; };
		82E0838C22640E3C007E5E9C /* UIImageView+Extensions.swift in Sources */ = {isa = PBXBuildFile; fileRef = 82E0838B22640E3C007E5E9C /* UIImageView+Extensions.swift */; };
		82E0839122649FA1007E5E9C /* AlertManager.swift in Sources */ = {isa = PBXBuildFile; fileRef = 82E0839022649FA1007E5E9C /* AlertManager.swift */; };
		AB1CC8D4393A742F0246B768 /* Pods_GithubTests.framework in Frameworks */ = {isa = PBXBuildFile; fileRef = 42A99B6CF6557E687A259E71 /* Pods_GithubTests.framework */; };
		F97B6150945A5D4191FBFC22 /* Pods_Github.framework in Frameworks */ = {isa = PBXBuildFile; fileRef = 7CC5D407CF5D2082D9072424 /* Pods_Github.framework */; };
/* End PBXBuildFile section */

/* Begin PBXContainerItemProxy section */
		82916B0A22639A92009D26D9 /* PBXContainerItemProxy */ = {
			isa = PBXContainerItemProxy;
			containerPortal = 82916AED22639A8C009D26D9 /* Project object */;
			proxyType = 1;
			remoteGlobalIDString = 82916AF422639A8C009D26D9;
			remoteInfo = Github;
		};
/* End PBXContainerItemProxy section */

/* Begin PBXFileReference section */
		2390F87BBDB1336CCFCE4BB3 /* Pods-Github.debug.xcconfig */ = {isa = PBXFileReference; includeInIndex = 1; lastKnownFileType = text.xcconfig; name = "Pods-Github.debug.xcconfig"; path = "Target Support Files/Pods-Github/Pods-Github.debug.xcconfig"; sourceTree = "<group>"; };
		2BFC081CF62ECA5CD1D7D646 /* Pods-GithubTests.release.xcconfig */ = {isa = PBXFileReference; includeInIndex = 1; lastKnownFileType = text.xcconfig; name = "Pods-GithubTests.release.xcconfig"; path = "Target Support Files/Pods-GithubTests/Pods-GithubTests.release.xcconfig"; sourceTree = "<group>"; };
		42A99B6CF6557E687A259E71 /* Pods_GithubTests.framework */ = {isa = PBXFileReference; explicitFileType = wrapper.framework; includeInIndex = 0; path = Pods_GithubTests.framework; sourceTree = BUILT_PRODUCTS_DIR; };
		7CC5D407CF5D2082D9072424 /* Pods_Github.framework */ = {isa = PBXFileReference; explicitFileType = wrapper.framework; includeInIndex = 0; path = Pods_Github.framework; sourceTree = BUILT_PRODUCTS_DIR; };
		82916AF522639A8C009D26D9 /* Github.app */ = {isa = PBXFileReference; explicitFileType = wrapper.application; includeInIndex = 0; path = Github.app; sourceTree = BUILT_PRODUCTS_DIR; };
		82916AF822639A8C009D26D9 /* AppDelegate.swift */ = {isa = PBXFileReference; lastKnownFileType = sourcecode.swift; path = AppDelegate.swift; sourceTree = "<group>"; };
		82916AFF22639A92009D26D9 /* Assets.xcassets */ = {isa = PBXFileReference; lastKnownFileType = folder.assetcatalog; path = Assets.xcassets; sourceTree = "<group>"; };
		82916B0222639A92009D26D9 /* Base */ = {isa = PBXFileReference; lastKnownFileType = file.storyboard; name = Base; path = Base.lproj/LaunchScreen.storyboard; sourceTree = "<group>"; };
		82916B0422639A92009D26D9 /* Info.plist */ = {isa = PBXFileReference; lastKnownFileType = text.plist.xml; path = Info.plist; sourceTree = "<group>"; };
		82916B0922639A92009D26D9 /* GithubTests.xctest */ = {isa = PBXFileReference; explicitFileType = wrapper.cfbundle; includeInIndex = 0; path = GithubTests.xctest; sourceTree = BUILT_PRODUCTS_DIR; };
		82916B0F22639A92009D26D9 /* Info.plist */ = {isa = PBXFileReference; lastKnownFileType = text.plist.xml; path = Info.plist; sourceTree = "<group>"; };
		82945DC52263DFAF000889C1 /* HomeViewModel.swift */ = {isa = PBXFileReference; lastKnownFileType = sourcecode.swift; path = HomeViewModel.swift; sourceTree = "<group>"; };
		82945DC82263E1E9000889C1 /* ErrorManager.swift */ = {isa = PBXFileReference; lastKnownFileType = sourcecode.swift; path = ErrorManager.swift; sourceTree = "<group>"; };
		82945DCA2263E2F3000889C1 /* HomeViewModelTests.swift */ = {isa = PBXFileReference; lastKnownFileType = sourcecode.swift; path = HomeViewModelTests.swift; sourceTree = "<group>"; };
		82945DCC2263E3B5000889C1 /* HomeServiceMockSuccess.swift */ = {isa = PBXFileReference; lastKnownFileType = sourcecode.swift; path = HomeServiceMockSuccess.swift; sourceTree = "<group>"; };
		82945DCE2263ED2C000889C1 /* HomeServiceMockError.swift */ = {isa = PBXFileReference; lastKnownFileType = sourcecode.swift; path = HomeServiceMockError.swift; sourceTree = "<group>"; };
		8296CF0C2263B06B0067C0FE /* HomeModel.swift */ = {isa = PBXFileReference; lastKnownFileType = sourcecode.swift; path = HomeModel.swift; sourceTree = "<group>"; };
		829B87B42263B89A004F12F5 /* HomeModelTests.swift */ = {isa = PBXFileReference; lastKnownFileType = sourcecode.swift; path = HomeModelTests.swift; sourceTree = "<group>"; };
		829B87B82263B90F004F12F5 /* github.json */ = {isa = PBXFileReference; fileEncoding = 4; lastKnownFileType = text.json; path = github.json; sourceTree = "<group>"; };
		829B87BA2263B9C0004F12F5 /* HomeMockSuccess.swift */ = {isa = PBXFileReference; lastKnownFileType = sourcecode.swift; path = HomeMockSuccess.swift; sourceTree = "<group>"; };
		829B87BE2263BA41004F12F5 /* Data+Extensions.swift */ = {isa = PBXFileReference; lastKnownFileType = sourcecode.swift; path = "Data+Extensions.swift"; sourceTree = "<group>"; };
		82D9ADA02263D09100AA22E3 /* HomeAPI.swift */ = {isa = PBXFileReference; lastKnownFileType = sourcecode.swift; path = HomeAPI.swift; sourceTree = "<group>"; };
		82D9ADA22263D4E000AA22E3 /* HomeService.swift */ = {isa = PBXFileReference; lastKnownFileType = sourcecode.swift; path = HomeService.swift; sourceTree = "<group>"; };
		82E083752263F6D8007E5E9C /* HomeViewController.swift */ = {isa = PBXFileReference; lastKnownFileType = sourcecode.swift; path = HomeViewController.swift; sourceTree = "<group>"; };
		82E083772263F7C6007E5E9C /* HomeViewController.xib */ = {isa = PBXFileReference; lastKnownFileType = file.xib; path = HomeViewController.xib; sourceTree = "<group>"; };
		82E083792263FF7B007E5E9C /* HomeView+Extensions.swift */ = {isa = PBXFileReference; lastKnownFileType = sourcecode.swift; path = "HomeView+Extensions.swift"; sourceTree = "<group>"; };
		82E0837C22640290007E5E9C /* ColumnFlowLayout.swift */ = {isa = PBXFileReference; lastKnownFileType = sourcecode.swift; path = ColumnFlowLayout.swift; sourceTree = "<group>"; };
		82E0837E226406BD007E5E9C /* UICollectionView+Extensions.swift */ = {isa = PBXFileReference; lastKnownFileType = sourcecode.swift; path = "UICollectionView+Extensions.swift"; sourceTree = "<group>"; };
		82E08380226406F3007E5E9C /* UIView+Extensions.swift */ = {isa = PBXFileReference; lastKnownFileType = sourcecode.swift; path = "UIView+Extensions.swift"; sourceTree = "<group>"; };
		82E0838222640743007E5E9C /* ShadowView.swift */ = {isa = PBXFileReference; lastKnownFileType = sourcecode.swift; path = ShadowView.swift; sourceTree = "<group>"; };
		82E083852264080F007E5E9C /* HomeCollectionViewCell.swift */ = {isa = PBXFileReference; lastKnownFileType = sourcecode.swift; path = HomeCollectionViewCell.swift; sourceTree = "<group>"; };
		82E0838722640909007E5E9C /* UIFont+Extensions.swift */ = {isa = PBXFileReference; lastKnownFileType = sourcecode.swift; path = "UIFont+Extensions.swift"; sourceTree = "<group>"; };
		82E08389226409AE007E5E9C /* HomeCollectionViewCell.xib */ = {isa = PBXFileReference; lastKnownFileType = file.xib; path = HomeCollectionViewCell.xib; sourceTree = "<group>"; };
		82E0838B22640E3C007E5E9C /* UIImageView+Extensions.swift */ = {isa = PBXFileReference; lastKnownFileType = sourcecode.swift; path = "UIImageView+Extensions.swift"; sourceTree = "<group>"; };
		82E0839022649FA1007E5E9C /* AlertManager.swift */ = {isa = PBXFileReference; lastKnownFileType = sourcecode.swift; path = AlertManager.swift; sourceTree = "<group>"; };
		CF5E174B3E75D42264DD207A /* Pods-GithubTests.debug.xcconfig */ = {isa = PBXFileReference; includeInIndex = 1; lastKnownFileType = text.xcconfig; name = "Pods-GithubTests.debug.xcconfig"; path = "Target Support Files/Pods-GithubTests/Pods-GithubTests.debug.xcconfig"; sourceTree = "<group>"; };
		DD2BDD4985A28A63925785D6 /* Pods-Github.release.xcconfig */ = {isa = PBXFileReference; includeInIndex = 1; lastKnownFileType = text.xcconfig; name = "Pods-Github.release.xcconfig"; path = "Target Support Files/Pods-Github/Pods-Github.release.xcconfig"; sourceTree = "<group>"; };
/* End PBXFileReference section */

/* Begin PBXFrameworksBuildPhase section */
		82916AF222639A8C009D26D9 /* Frameworks */ = {
			isa = PBXFrameworksBuildPhase;
			buildActionMask = 2147483647;
			files = (
				F97B6150945A5D4191FBFC22 /* Pods_Github.framework in Frameworks */,
			);
			runOnlyForDeploymentPostprocessing = 0;
		};
		82916B0622639A92009D26D9 /* Frameworks */ = {
			isa = PBXFrameworksBuildPhase;
			buildActionMask = 2147483647;
			files = (
				AB1CC8D4393A742F0246B768 /* Pods_GithubTests.framework in Frameworks */,
			);
			runOnlyForDeploymentPostprocessing = 0;
		};
/* End PBXFrameworksBuildPhase section */

/* Begin PBXGroup section */
		82916AEC22639A8C009D26D9 = {
			isa = PBXGroup;
			children = (
				82916AF722639A8C009D26D9 /* Github */,
				82916B0C22639A92009D26D9 /* GithubTests */,
				82916AF622639A8C009D26D9 /* Products */,
				A97FFBE4D948E683677A6D2B /* Pods */,
				A8AF96AA39D7B5B79DB68AC7 /* Frameworks */,
			);
			sourceTree = "<group>";
		};
		82916AF622639A8C009D26D9 /* Products */ = {
			isa = PBXGroup;
			children = (
				82916AF522639A8C009D26D9 /* Github.app */,
				82916B0922639A92009D26D9 /* GithubTests.xctest */,
			);
			name = Products;
			sourceTree = "<group>";
		};
		82916AF722639A8C009D26D9 /* Github */ = {
			isa = PBXGroup;
			children = (
				8296CF082263ABE90067C0FE /* App */,
				829B87BC2263BA23004F12F5 /* Common */,
				8296CF092263AC460067C0FE /* Sections */,
			);
			path = Github;
			sourceTree = "<group>";
		};
		82916B0C22639A92009D26D9 /* GithubTests */ = {
			isa = PBXGroup;
			children = (
				82916B0F22639A92009D26D9 /* Info.plist */,
				829B87B32263B855004F12F5 /* Home */,
			);
			path = GithubTests;
			sourceTree = "<group>";
		};
		82945DC42263DF91000889C1 /* ViewModel */ = {
			isa = PBXGroup;
			children = (
				82945DC52263DFAF000889C1 /* HomeViewModel.swift */,
			);
			path = ViewModel;
			sourceTree = "<group>";
		};
		82945DC72263E18D000889C1 /* Error */ = {
			isa = PBXGroup;
			children = (
				82945DC82263E1E9000889C1 /* ErrorManager.swift */,
			);
			path = Error;
			sourceTree = "<group>";
		};
		8296CF082263ABE90067C0FE /* App */ = {
			isa = PBXGroup;
			children = (
				82916AF822639A8C009D26D9 /* AppDelegate.swift */,
				82916B0422639A92009D26D9 /* Info.plist */,
				82916B0122639A92009D26D9 /* LaunchScreen.storyboard */,
				82916AFF22639A92009D26D9 /* Assets.xcassets */,
			);
			path = App;
			sourceTree = "<group>";
		};
		8296CF092263AC460067C0FE /* Sections */ = {
			isa = PBXGroup;
			children = (
				8296CF0A2263AC520067C0FE /* Home */,
			);
			path = Sections;
			sourceTree = "<group>";
		};
		8296CF0A2263AC520067C0FE /* Home */ = {
			isa = PBXGroup;
			children = (
				8296CF0B2263AC580067C0FE /* Model */,
				82E083742263F11F007E5E9C /* View */,
				82945DC42263DF91000889C1 /* ViewModel */,
				82D9AD9F2263D03400AA22E3 /* Network */,
			);
			path = Home;
			sourceTree = "<group>";
		};
		8296CF0B2263AC580067C0FE /* Model */ = {
			isa = PBXGroup;
			children = (
				8296CF0C2263B06B0067C0FE /* HomeModel.swift */,
			);
			path = Model;
			sourceTree = "<group>";
		};
		829B87B32263B855004F12F5 /* Home */ = {
			isa = PBXGroup;
			children = (
				829B87B42263B89A004F12F5 /* HomeModelTests.swift */,
				82945DCA2263E2F3000889C1 /* HomeViewModelTests.swift */,
				829B87B62263B8D9004F12F5 /* Mock */,
			);
			path = Home;
			sourceTree = "<group>";
		};
		829B87B62263B8D9004F12F5 /* Mock */ = {
			isa = PBXGroup;
			children = (
				829B87BA2263B9C0004F12F5 /* HomeMockSuccess.swift */,
				82945DCC2263E3B5000889C1 /* HomeServiceMockSuccess.swift */,
				82945DCE2263ED2C000889C1 /* HomeServiceMockError.swift */,
				829B87B72263B8F6004F12F5 /* JSON */,
			);
			path = Mock;
			sourceTree = "<group>";
		};
		829B87B72263B8F6004F12F5 /* JSON */ = {
			isa = PBXGroup;
			children = (
				829B87B82263B90F004F12F5 /* github.json */,
			);
			path = JSON;
			sourceTree = "<group>";
		};
		829B87BC2263BA23004F12F5 /* Common */ = {
			isa = PBXGroup;
			children = (
				82E0838F22649F94007E5E9C /* Alert */,
				829B87BD2263BA31004F12F5 /* Extensions */,
				82945DC72263E18D000889C1 /* Error */,
				82E0837B2264027F007E5E9C /* Layout */,
			);
			path = Common;
			sourceTree = "<group>";
		};
		829B87BD2263BA31004F12F5 /* Extensions */ = {
			isa = PBXGroup;
			children = (
				829B87BE2263BA41004F12F5 /* Data+Extensions.swift */,
				82E0837E226406BD007E5E9C /* UICollectionView+Extensions.swift */,
				82E0838722640909007E5E9C /* UIFont+Extensions.swift */,
				82E0838B22640E3C007E5E9C /* UIImageView+Extensions.swift */,
				82E08380226406F3007E5E9C /* UIView+Extensions.swift */,
			);
			path = Extensions;
			sourceTree = "<group>";
		};
		82D9AD9F2263D03400AA22E3 /* Network */ = {
			isa = PBXGroup;
			children = (
				82D9ADA02263D09100AA22E3 /* HomeAPI.swift */,
				82D9ADA22263D4E000AA22E3 /* HomeService.swift */,
			);
			path = Network;
			sourceTree = "<group>";
		};
		82E083742263F11F007E5E9C /* View */ = {
			isa = PBXGroup;
			children = (
				82E083792263FF7B007E5E9C /* HomeView+Extensions.swift */,
				82E083752263F6D8007E5E9C /* HomeViewController.swift */,
				82E083772263F7C6007E5E9C /* HomeViewController.xib */,
				82E0838422640803007E5E9C /* Cell */,
			);
			path = View;
			sourceTree = "<group>";
		};
		82E0837B2264027F007E5E9C /* Layout */ = {
			isa = PBXGroup;
			children = (
				82E0837C22640290007E5E9C /* ColumnFlowLayout.swift */,
				82E0838222640743007E5E9C /* ShadowView.swift */,
			);
			path = Layout;
			sourceTree = "<group>";
		};
		82E0838422640803007E5E9C /* Cell */ = {
			isa = PBXGroup;
			children = (
				82E083852264080F007E5E9C /* HomeCollectionViewCell.swift */,
				82E08389226409AE007E5E9C /* HomeCollectionViewCell.xib */,
			);
			path = Cell;
			sourceTree = "<group>";
		};
		82E0838F22649F94007E5E9C /* Alert */ = {
			isa = PBXGroup;
			children = (
				82E0839022649FA1007E5E9C /* AlertManager.swift */,
			);
			path = Alert;
			sourceTree = "<group>";
		};
		A8AF96AA39D7B5B79DB68AC7 /* Frameworks */ = {
			isa = PBXGroup;
			children = (
				7CC5D407CF5D2082D9072424 /* Pods_Github.framework */,
				42A99B6CF6557E687A259E71 /* Pods_GithubTests.framework */,
			);
			name = Frameworks;
			sourceTree = "<group>";
		};
		A97FFBE4D948E683677A6D2B /* Pods */ = {
			isa = PBXGroup;
			children = (
				2390F87BBDB1336CCFCE4BB3 /* Pods-Github.debug.xcconfig */,
				DD2BDD4985A28A63925785D6 /* Pods-Github.release.xcconfig */,
				CF5E174B3E75D42264DD207A /* Pods-GithubTests.debug.xcconfig */,
				2BFC081CF62ECA5CD1D7D646 /* Pods-GithubTests.release.xcconfig */,
			);
			path = Pods;
			sourceTree = "<group>";
		};
/* End PBXGroup section */

/* Begin PBXNativeTarget section */
		82916AF422639A8C009D26D9 /* Github */ = {
			isa = PBXNativeTarget;
			buildConfigurationList = 82916B1222639A92009D26D9 /* Build configuration list for PBXNativeTarget "Github" */;
			buildPhases = (
				B27677A99FBC92C45CD6C368 /* [CP] Check Pods Manifest.lock */,
				82916AF122639A8C009D26D9 /* Sources */,
				82916AF222639A8C009D26D9 /* Frameworks */,
				82916AF322639A8C009D26D9 /* Resources */,
				82916B182263A3B2009D26D9 /* Swiftlint */,
				D5FED6E9F8B67CF67CE47E70 /* [CP] Embed Pods Frameworks */,
			);
			buildRules = (
			);
			dependencies = (
			);
			name = Github;
			productName = Github;
			productReference = 82916AF522639A8C009D26D9 /* Github.app */;
			productType = "com.apple.product-type.application";
		};
		82916B0822639A92009D26D9 /* GithubTests */ = {
			isa = PBXNativeTarget;
			buildConfigurationList = 82916B1522639A92009D26D9 /* Build configuration list for PBXNativeTarget "GithubTests" */;
			buildPhases = (
				D9FB8F8DDEAEC5C4E55B50AB /* [CP] Check Pods Manifest.lock */,
				82916B0522639A92009D26D9 /* Sources */,
				82916B0622639A92009D26D9 /* Frameworks */,
				82916B0722639A92009D26D9 /* Resources */,
				94A415DD3F7600EDA28655B4 /* [CP] Embed Pods Frameworks */,
			);
			buildRules = (
			);
			dependencies = (
				82916B0B22639A92009D26D9 /* PBXTargetDependency */,
			);
			name = GithubTests;
			productName = GithubTests;
			productReference = 82916B0922639A92009D26D9 /* GithubTests.xctest */;
			productType = "com.apple.product-type.bundle.unit-test";
		};
/* End PBXNativeTarget section */

/* Begin PBXProject section */
		82916AED22639A8C009D26D9 /* Project object */ = {
			isa = PBXProject;
			attributes = {
				LastSwiftUpdateCheck = 1020;
				LastUpgradeCheck = 1020;
				ORGANIZATIONNAME = limadeveloper;
				TargetAttributes = {
					82916AF422639A8C009D26D9 = {
						CreatedOnToolsVersion = 10.2;
					};
					82916B0822639A92009D26D9 = {
						CreatedOnToolsVersion = 10.2;
						LastSwiftMigration = 1020;
						TestTargetID = 82916AF422639A8C009D26D9;
					};
				};
			};
			buildConfigurationList = 82916AF022639A8C009D26D9 /* Build configuration list for PBXProject "Github" */;
			compatibilityVersion = "Xcode 10.0";
			developmentRegion = en;
			hasScannedForEncodings = 0;
			knownRegions = (
				en,
				Base,
			);
			mainGroup = 82916AEC22639A8C009D26D9;
			productRefGroup = 82916AF622639A8C009D26D9 /* Products */;
			projectDirPath = "";
			projectRoot = "";
			targets = (
				82916AF422639A8C009D26D9 /* Github */,
				82916B0822639A92009D26D9 /* GithubTests */,
			);
		};
/* End PBXProject section */

/* Begin PBXResourcesBuildPhase section */
		82916AF322639A8C009D26D9 /* Resources */ = {
			isa = PBXResourcesBuildPhase;
			buildActionMask = 2147483647;
			files = (
				82916B0322639A92009D26D9 /* LaunchScreen.storyboard in Resources */,
				82916B0022639A92009D26D9 /* Assets.xcassets in Resources */,
				82E083782263F7C6007E5E9C /* HomeViewController.xib in Resources */,
				82E0838A226409AE007E5E9C /* HomeCollectionViewCell.xib in Resources */,
			);
			runOnlyForDeploymentPostprocessing = 0;
		};
		82916B0722639A92009D26D9 /* Resources */ = {
			isa = PBXResourcesBuildPhase;
			buildActionMask = 2147483647;
			files = (
				829B87B92263B90F004F12F5 /* github.json in Resources */,
			);
			runOnlyForDeploymentPostprocessing = 0;
		};
/* End PBXResourcesBuildPhase section */

/* Begin PBXShellScriptBuildPhase section */
		82916B182263A3B2009D26D9 /* Swiftlint */ = {
			isa = PBXShellScriptBuildPhase;
			buildActionMask = 2147483647;
			files = (
			);
			inputFileListPaths = (
			);
			inputPaths = (
			);
			name = Swiftlint;
			outputFileListPaths = (
			);
			outputPaths = (
			);
			runOnlyForDeploymentPostprocessing = 0;
			shellPath = /bin/sh;
			shellScript = "\"${PODS_ROOT}/SwiftLint/swiftlint\"\n";
		};
		94A415DD3F7600EDA28655B4 /* [CP] Embed Pods Frameworks */ = {
			isa = PBXShellScriptBuildPhase;
			buildActionMask = 2147483647;
			files = (
			);
			inputFileListPaths = (
			);
			inputPaths = (
				"${PODS_ROOT}/Target Support Files/Pods-GithubTests/Pods-GithubTests-frameworks.sh",
				"${BUILT_PRODUCTS_DIR}/Nimble/Nimble.framework",
				"${BUILT_PRODUCTS_DIR}/Quick/Quick.framework",
			);
			name = "[CP] Embed Pods Frameworks";
			outputFileListPaths = (
			);
			outputPaths = (
				"${TARGET_BUILD_DIR}/${FRAMEWORKS_FOLDER_PATH}/Nimble.framework",
				"${TARGET_BUILD_DIR}/${FRAMEWORKS_FOLDER_PATH}/Quick.framework",
			);
			runOnlyForDeploymentPostprocessing = 0;
			shellPath = /bin/sh;
			shellScript = "\"${PODS_ROOT}/Target Support Files/Pods-GithubTests/Pods-GithubTests-frameworks.sh\"\n";
			showEnvVarsInLog = 0;
		};
		B27677A99FBC92C45CD6C368 /* [CP] Check Pods Manifest.lock */ = {
			isa = PBXShellScriptBuildPhase;
			buildActionMask = 2147483647;
			files = (
			);
			inputFileListPaths = (
			);
			inputPaths = (
				"${PODS_PODFILE_DIR_PATH}/Podfile.lock",
				"${PODS_ROOT}/Manifest.lock",
			);
			name = "[CP] Check Pods Manifest.lock";
			outputFileListPaths = (
			);
			outputPaths = (
				"$(DERIVED_FILE_DIR)/Pods-Github-checkManifestLockResult.txt",
			);
			runOnlyForDeploymentPostprocessing = 0;
			shellPath = /bin/sh;
			shellScript = "diff \"${PODS_PODFILE_DIR_PATH}/Podfile.lock\" \"${PODS_ROOT}/Manifest.lock\" > /dev/null\nif [ $? != 0 ] ; then\n    # print error to STDERR\n    echo \"error: The sandbox is not in sync with the Podfile.lock. Run 'pod install' or update your CocoaPods installation.\" >&2\n    exit 1\nfi\n# This output is used by Xcode 'outputs' to avoid re-running this script phase.\necho \"SUCCESS\" > \"${SCRIPT_OUTPUT_FILE_0}\"\n";
			showEnvVarsInLog = 0;
		};
		D5FED6E9F8B67CF67CE47E70 /* [CP] Embed Pods Frameworks */ = {
			isa = PBXShellScriptBuildPhase;
			buildActionMask = 2147483647;
			files = (
			);
			inputFileListPaths = (
			);
			inputPaths = (
				"${PODS_ROOT}/Target Support Files/Pods-Github/Pods-Github-frameworks.sh",
				"${BUILT_PRODUCTS_DIR}/BaseNetworkKit/BaseNetworkKit.framework",
				"${BUILT_PRODUCTS_DIR}/ObservableKit/ObservableKit.framework",
				"${BUILT_PRODUCTS_DIR}/SwiftIconFont/SwiftIconFont.framework",
			);
			name = "[CP] Embed Pods Frameworks";
			outputFileListPaths = (
			);
			outputPaths = (
				"${TARGET_BUILD_DIR}/${FRAMEWORKS_FOLDER_PATH}/BaseNetworkKit.framework",
				"${TARGET_BUILD_DIR}/${FRAMEWORKS_FOLDER_PATH}/ObservableKit.framework",
				"${TARGET_BUILD_DIR}/${FRAMEWORKS_FOLDER_PATH}/SwiftIconFont.framework",
			);
			runOnlyForDeploymentPostprocessing = 0;
			shellPath = /bin/sh;
			shellScript = "\"${PODS_ROOT}/Target Support Files/Pods-Github/Pods-Github-frameworks.sh\"\n";
			showEnvVarsInLog = 0;
		};
		D9FB8F8DDEAEC5C4E55B50AB /* [CP] Check Pods Manifest.lock */ = {
			isa = PBXShellScriptBuildPhase;
			buildActionMask = 2147483647;
			files = (
			);
			inputFileListPaths = (
			);
			inputPaths = (
				"${PODS_PODFILE_DIR_PATH}/Podfile.lock",
				"${PODS_ROOT}/Manifest.lock",
			);
			name = "[CP] Check Pods Manifest.lock";
			outputFileListPaths = (
			);
			outputPaths = (
				"$(DERIVED_FILE_DIR)/Pods-GithubTests-checkManifestLockResult.txt",
			);
			runOnlyForDeploymentPostprocessing = 0;
			shellPath = /bin/sh;
			shellScript = "diff \"${PODS_PODFILE_DIR_PATH}/Podfile.lock\" \"${PODS_ROOT}/Manifest.lock\" > /dev/null\nif [ $? != 0 ] ; then\n    # print error to STDERR\n    echo \"error: The sandbox is not in sync with the Podfile.lock. Run 'pod install' or update your CocoaPods installation.\" >&2\n    exit 1\nfi\n# This output is used by Xcode 'outputs' to avoid re-running this script phase.\necho \"SUCCESS\" > \"${SCRIPT_OUTPUT_FILE_0}\"\n";
			showEnvVarsInLog = 0;
		};
/* End PBXShellScriptBuildPhase section */

/* Begin PBXSourcesBuildPhase section */
		82916AF122639A8C009D26D9 /* Sources */ = {
			isa = PBXSourcesBuildPhase;
			buildActionMask = 2147483647;
			files = (
				82D9ADA32263D4E000AA22E3 /* HomeService.swift in Sources */,
				82E0839122649FA1007E5E9C /* AlertManager.swift in Sources */,
				829B87BF2263BA41004F12F5 /* Data+Extensions.swift in Sources */,
				82945DC92263E1E9000889C1 /* ErrorManager.swift in Sources */,
				82E0837A2263FF7B007E5E9C /* HomeView+Extensions.swift in Sources */,
				82E0837F226406BD007E5E9C /* UICollectionView+Extensions.swift in Sources */,
				82E083762263F6D8007E5E9C /* HomeViewController.swift in Sources */,
				82E08381226406F3007E5E9C /* UIView+Extensions.swift in Sources */,
				82E083862264080F007E5E9C /* HomeCollectionViewCell.swift in Sources */,
				82945DC62263DFAF000889C1 /* HomeViewModel.swift in Sources */,
				8296CF0D2263B06B0067C0FE /* HomeModel.swift in Sources */,
				82E0837D22640290007E5E9C /* ColumnFlowLayout.swift in Sources */,
				82E0838322640743007E5E9C /* ShadowView.swift in Sources */,
				82D9ADA12263D09100AA22E3 /* HomeAPI.swift in Sources */,
				82E0838822640909007E5E9C /* UIFont+Extensions.swift in Sources */,
				82916AF922639A8C009D26D9 /* AppDelegate.swift in Sources */,
				82E0838C22640E3C007E5E9C /* UIImageView+Extensions.swift in Sources */,
			);
			runOnlyForDeploymentPostprocessing = 0;
		};
		82916B0522639A92009D26D9 /* Sources */ = {
			isa = PBXSourcesBuildPhase;
			buildActionMask = 2147483647;
			files = (
				82945DCD2263E3B5000889C1 /* HomeServiceMockSuccess.swift in Sources */,
				829B87BB2263B9C0004F12F5 /* HomeMockSuccess.swift in Sources */,
				82945DCF2263ED2C000889C1 /* HomeServiceMockError.swift in Sources */,
				829B87B52263B89A004F12F5 /* HomeModelTests.swift in Sources */,
				82945DCB2263E2F3000889C1 /* HomeViewModelTests.swift in Sources */,
			);
			runOnlyForDeploymentPostprocessing = 0;
		};
/* End PBXSourcesBuildPhase section */

/* Begin PBXTargetDependency section */
		82916B0B22639A92009D26D9 /* PBXTargetDependency */ = {
			isa = PBXTargetDependency;
			target = 82916AF422639A8C009D26D9 /* Github */;
			targetProxy = 82916B0A22639A92009D26D9 /* PBXContainerItemProxy */;
		};
/* End PBXTargetDependency section */

/* Begin PBXVariantGroup section */
		82916B0122639A92009D26D9 /* LaunchScreen.storyboard */ = {
			isa = PBXVariantGroup;
			children = (
				82916B0222639A92009D26D9 /* Base */,
			);
			name = LaunchScreen.storyboard;
			sourceTree = "<group>";
		};
/* End PBXVariantGroup section */

/* Begin XCBuildConfiguration section */
		82916B1022639A92009D26D9 /* Debug */ = {
			isa = XCBuildConfiguration;
			buildSettings = {
				ALWAYS_SEARCH_USER_PATHS = NO;
				CLANG_ANALYZER_NONNULL = YES;
				CLANG_ANALYZER_NUMBER_OBJECT_CONVERSION = YES_AGGRESSIVE;
				CLANG_CXX_LANGUAGE_STANDARD = "gnu++14";
				CLANG_CXX_LIBRARY = "libc++";
				CLANG_ENABLE_MODULES = YES;
				CLANG_ENABLE_OBJC_ARC = YES;
				CLANG_ENABLE_OBJC_WEAK = YES;
				CLANG_WARN_BLOCK_CAPTURE_AUTORELEASING = YES;
				CLANG_WARN_BOOL_CONVERSION = YES;
				CLANG_WARN_COMMA = YES;
				CLANG_WARN_CONSTANT_CONVERSION = YES;
				CLANG_WARN_DEPRECATED_OBJC_IMPLEMENTATIONS = YES;
				CLANG_WARN_DIRECT_OBJC_ISA_USAGE = YES_ERROR;
				CLANG_WARN_DOCUMENTATION_COMMENTS = YES;
				CLANG_WARN_EMPTY_BODY = YES;
				CLANG_WARN_ENUM_CONVERSION = YES;
				CLANG_WARN_INFINITE_RECURSION = YES;
				CLANG_WARN_INT_CONVERSION = YES;
				CLANG_WARN_NON_LITERAL_NULL_CONVERSION = YES;
				CLANG_WARN_OBJC_IMPLICIT_RETAIN_SELF = YES;
				CLANG_WARN_OBJC_LITERAL_CONVERSION = YES;
				CLANG_WARN_OBJC_ROOT_CLASS = YES_ERROR;
				CLANG_WARN_RANGE_LOOP_ANALYSIS = YES;
				CLANG_WARN_STRICT_PROTOTYPES = YES;
				CLANG_WARN_SUSPICIOUS_MOVE = YES;
				CLANG_WARN_UNGUARDED_AVAILABILITY = YES_AGGRESSIVE;
				CLANG_WARN_UNREACHABLE_CODE = YES;
				CLANG_WARN__DUPLICATE_METHOD_MATCH = YES;
				CODE_SIGN_IDENTITY = "iPhone Developer";
				COPY_PHASE_STRIP = NO;
				DEBUG_INFORMATION_FORMAT = dwarf;
				ENABLE_STRICT_OBJC_MSGSEND = YES;
				ENABLE_TESTABILITY = YES;
				GCC_C_LANGUAGE_STANDARD = gnu11;
				GCC_DYNAMIC_NO_PIC = NO;
				GCC_NO_COMMON_BLOCKS = YES;
				GCC_OPTIMIZATION_LEVEL = 0;
				GCC_PREPROCESSOR_DEFINITIONS = (
					"DEBUG=1",
					"$(inherited)",
				);
				GCC_WARN_64_TO_32_BIT_CONVERSION = YES;
				GCC_WARN_ABOUT_RETURN_TYPE = YES_ERROR;
				GCC_WARN_UNDECLARED_SELECTOR = YES;
				GCC_WARN_UNINITIALIZED_AUTOS = YES_AGGRESSIVE;
				GCC_WARN_UNUSED_FUNCTION = YES;
				GCC_WARN_UNUSED_VARIABLE = YES;
				IPHONEOS_DEPLOYMENT_TARGET = 10.3;
				MTL_ENABLE_DEBUG_INFO = INCLUDE_SOURCE;
				MTL_FAST_MATH = YES;
				ONLY_ACTIVE_ARCH = YES;
				SDKROOT = iphoneos;
				SWIFT_ACTIVE_COMPILATION_CONDITIONS = DEBUG;
				SWIFT_OPTIMIZATION_LEVEL = "-Onone";
			};
			name = Debug;
		};
		82916B1122639A92009D26D9 /* Release */ = {
			isa = XCBuildConfiguration;
			buildSettings = {
				ALWAYS_SEARCH_USER_PATHS = NO;
				CLANG_ANALYZER_NONNULL = YES;
				CLANG_ANALYZER_NUMBER_OBJECT_CONVERSION = YES_AGGRESSIVE;
				CLANG_CXX_LANGUAGE_STANDARD = "gnu++14";
				CLANG_CXX_LIBRARY = "libc++";
				CLANG_ENABLE_MODULES = YES;
				CLANG_ENABLE_OBJC_ARC = YES;
				CLANG_ENABLE_OBJC_WEAK = YES;
				CLANG_WARN_BLOCK_CAPTURE_AUTORELEASING = YES;
				CLANG_WARN_BOOL_CONVERSION = YES;
				CLANG_WARN_COMMA = YES;
				CLANG_WARN_CONSTANT_CONVERSION = YES;
				CLANG_WARN_DEPRECATED_OBJC_IMPLEMENTATIONS = YES;
				CLANG_WARN_DIRECT_OBJC_ISA_USAGE = YES_ERROR;
				CLANG_WARN_DOCUMENTATION_COMMENTS = YES;
				CLANG_WARN_EMPTY_BODY = YES;
				CLANG_WARN_ENUM_CONVERSION = YES;
				CLANG_WARN_INFINITE_RECURSION = YES;
				CLANG_WARN_INT_CONVERSION = YES;
				CLANG_WARN_NON_LITERAL_NULL_CONVERSION = YES;
				CLANG_WARN_OBJC_IMPLICIT_RETAIN_SELF = YES;
				CLANG_WARN_OBJC_LITERAL_CONVERSION = YES;
				CLANG_WARN_OBJC_ROOT_CLASS = YES_ERROR;
				CLANG_WARN_RANGE_LOOP_ANALYSIS = YES;
				CLANG_WARN_STRICT_PROTOTYPES = YES;
				CLANG_WARN_SUSPICIOUS_MOVE = YES;
				CLANG_WARN_UNGUARDED_AVAILABILITY = YES_AGGRESSIVE;
				CLANG_WARN_UNREACHABLE_CODE = YES;
				CLANG_WARN__DUPLICATE_METHOD_MATCH = YES;
				CODE_SIGN_IDENTITY = "iPhone Developer";
				COPY_PHASE_STRIP = NO;
				DEBUG_INFORMATION_FORMAT = "dwarf-with-dsym";
				ENABLE_NS_ASSERTIONS = NO;
				ENABLE_STRICT_OBJC_MSGSEND = YES;
				GCC_C_LANGUAGE_STANDARD = gnu11;
				GCC_NO_COMMON_BLOCKS = YES;
				GCC_WARN_64_TO_32_BIT_CONVERSION = YES;
				GCC_WARN_ABOUT_RETURN_TYPE = YES_ERROR;
				GCC_WARN_UNDECLARED_SELECTOR = YES;
				GCC_WARN_UNINITIALIZED_AUTOS = YES_AGGRESSIVE;
				GCC_WARN_UNUSED_FUNCTION = YES;
				GCC_WARN_UNUSED_VARIABLE = YES;
				IPHONEOS_DEPLOYMENT_TARGET = 10.3;
				MTL_ENABLE_DEBUG_INFO = NO;
				MTL_FAST_MATH = YES;
				SDKROOT = iphoneos;
				SWIFT_COMPILATION_MODE = wholemodule;
				SWIFT_OPTIMIZATION_LEVEL = "-O";
				VALIDATE_PRODUCT = YES;
			};
			name = Release;
		};
		82916B1322639A92009D26D9 /* Debug */ = {
			isa = XCBuildConfiguration;
			baseConfigurationReference = 2390F87BBDB1336CCFCE4BB3 /* Pods-Github.debug.xcconfig */;
			buildSettings = {
				ASSETCATALOG_COMPILER_APPICON_NAME = AppIcon;
				CODE_SIGN_STYLE = Automatic;
				INFOPLIST_FILE = Github/App/Info.plist;
				LD_RUNPATH_SEARCH_PATHS = (
					"$(inherited)",
					"@executable_path/Frameworks",
				);
				PRODUCT_BUNDLE_IDENTIFIER = limadeveloper.demo;
				PRODUCT_NAME = "$(TARGET_NAME)";
				SWIFT_VERSION = 5.0;
				TARGETED_DEVICE_FAMILY = "1,2";
			};
			name = Debug;
		};
		82916B1422639A92009D26D9 /* Release */ = {
			isa = XCBuildConfiguration;
			baseConfigurationReference = DD2BDD4985A28A63925785D6 /* Pods-Github.release.xcconfig */;
			buildSettings = {
				ASSETCATALOG_COMPILER_APPICON_NAME = AppIcon;
				CODE_SIGN_STYLE = Automatic;
				INFOPLIST_FILE = Github/App/Info.plist;
				LD_RUNPATH_SEARCH_PATHS = (
					"$(inherited)",
					"@executable_path/Frameworks",
				);
				PRODUCT_BUNDLE_IDENTIFIER = limadeveloper.demo;
				PRODUCT_NAME = "$(TARGET_NAME)";
				SWIFT_VERSION = 5.0;
				TARGETED_DEVICE_FAMILY = "1,2";
			};
			name = Release;
		};
		82916B1622639A92009D26D9 /* Debug */ = {
			isa = XCBuildConfiguration;
			baseConfigurationReference = CF5E174B3E75D42264DD207A /* Pods-GithubTests.debug.xcconfig */;
			buildSettings = {
				ALWAYS_EMBED_SWIFT_STANDARD_LIBRARIES = "$(inherited)";
				BUNDLE_LOADER = "$(TEST_HOST)";
				CLANG_ENABLE_MODULES = YES;
				CODE_SIGN_STYLE = Automatic;
				INFOPLIST_FILE = GithubTests/Info.plist;
				LD_RUNPATH_SEARCH_PATHS = (
					"$(inherited)",
					"@executable_path/Frameworks",
					"@loader_path/Frameworks",
				);
				PRODUCT_BUNDLE_IDENTIFIER = limadeveloper.GithubTests;
				PRODUCT_NAME = "$(TARGET_NAME)";
				SWIFT_OPTIMIZATION_LEVEL = "-Onone";
				SWIFT_VERSION = 5.0;
				TARGETED_DEVICE_FAMILY = "1,2";
				TEST_HOST = "$(BUILT_PRODUCTS_DIR)/Github.app/Github";
			};
			name = Debug;
		};
		82916B1722639A92009D26D9 /* Release */ = {
			isa = XCBuildConfiguration;
			baseConfigurationReference = 2BFC081CF62ECA5CD1D7D646 /* Pods-GithubTests.release.xcconfig */;
			buildSettings = {
				ALWAYS_EMBED_SWIFT_STANDARD_LIBRARIES = "$(inherited)";
				BUNDLE_LOADER = "$(TEST_HOST)";
				CLANG_ENABLE_MODULES = YES;
				CODE_SIGN_STYLE = Automatic;
				INFOPLIST_FILE = GithubTests/Info.plist;
				LD_RUNPATH_SEARCH_PATHS = (
					"$(inherited)",
					"@executable_path/Frameworks",
					"@loader_path/Frameworks",
				);
				PRODUCT_BUNDLE_IDENTIFIER = limadeveloper.GithubTests;
				PRODUCT_NAME = "$(TARGET_NAME)";
				SWIFT_VERSION = 5.0;
				TARGETED_DEVICE_FAMILY = "1,2";
				TEST_HOST = "$(BUILT_PRODUCTS_DIR)/Github.app/Github";
			};
			name = Release;
		};
/* End XCBuildConfiguration section */

/* Begin XCConfigurationList section */
		82916AF022639A8C009D26D9 /* Build configuration list for PBXProject "Github" */ = {
			isa = XCConfigurationList;
			buildConfigurations = (
				82916B1022639A92009D26D9 /* Debug */,
				82916B1122639A92009D26D9 /* Release */,
			);
			defaultConfigurationIsVisible = 0;
			defaultConfigurationName = Release;
		};
		82916B1222639A92009D26D9 /* Build configuration list for PBXNativeTarget "Github" */ = {
			isa = XCConfigurationList;
			buildConfigurations = (
				82916B1322639A92009D26D9 /* Debug */,
				82916B1422639A92009D26D9 /* Release */,
			);
			defaultConfigurationIsVisible = 0;
			defaultConfigurationName = Release;
		};
		82916B1522639A92009D26D9 /* Build configuration list for PBXNativeTarget "GithubTests" */ = {
			isa = XCConfigurationList;
			buildConfigurations = (
				82916B1622639A92009D26D9 /* Debug */,
				82916B1722639A92009D26D9 /* Release */,
			);
			defaultConfigurationIsVisible = 0;
			defaultConfigurationName = Release;
		};
/* End XCConfigurationList section */
	};
	rootObject = 82916AED22639A8C009D26D9 /* Project object */;
}
